PODS:
  - IQKeyboardManagerSwift (4.0.10)
  - TPKeyboardAvoiding (1.3.1)

DEPENDENCIES:
  - IQKeyboardManagerSwift
  - TPKeyboardAvoiding

SPEC CHECKSUMS:
  IQKeyboardManagerSwift: 75ba21a23794a1e6b6fe6d9a267ea17f80e06771
  TPKeyboardAvoiding: 0d6af20e95e2850f4c621841225b59ec7d8dd852

PODFILE CHECKSUM: d8ce99fa2b57a3c09274bdb1e8985a20f0bc946d

COCOAPODS: 1.2.1
